
Microsoft Visual Studio Solution File, Format Version 12.00
# Visual Studio 15
VisualStudioVersion = 15.0.28307.489
MinimumVisualStudioVersion = 10.0.40219.1
Project("{9A19103F-16F7-4668-BE54-9A1E7A4F7556}") = "BangazonAPI", "BangazonAPI\BangazonAPI.csproj", "{46DE50F5-A761-42A1-8B6C-9612481EC4B6}"
EndProject
Project("{9A19103F-16F7-4668-BE54-9A1E7A4F7556}") = "BangazonAPI.Tests", "TestBangazonAPI\BangazonAPI.Tests.csproj", "{DBE67B67-D3C6-40F2-B4B5-79C1ACCC044D}"
EndProject
Global
	GlobalSection(SolutionConfigurationPlatforms) = preSolution
		Debug|Any CPU = Debug|Any CPU
		Release|Any CPU = Release|Any CPU
	EndGlobalSection
	GlobalSection(ProjectConfigurationPlatforms) = postSolution
		{46DE50F5-A761-42A1-8B6C-9612481EC4B6}.Debug|Any CPU.ActiveCfg = Debug|Any CPU
		{46DE50F5-A761-42A1-8B6C-9612481EC4B6}.Debug|Any CPU.Build.0 = Debug|Any CPU
		{46DE50F5-A761-42A1-8B6C-9612481EC4B6}.Release|Any CPU.ActiveCfg = Release|Any CPU
		{46DE50F5-A761-42A1-8B6C-9612481EC4B6}.Release|Any CPU.Build.0 = Release|Any CPU
		{DBE67B67-D3C6-40F2-B4B5-79C1ACCC044D}.Debug|Any CPU.ActiveCfg = Debug|Any CPU
		{DBE67B67-D3C6-40F2-B4B5-79C1ACCC044D}.Debug|Any CPU.Build.0 = Debug|Any CPU
		{DBE67B67-D3C6-40F2-B4B5-79C1ACCC044D}.Release|Any CPU.ActiveCfg = Release|Any CPU
		{DBE67B67-D3C6-40F2-B4B5-79C1ACCC044D}.Release|Any CPU.Build.0 = Release|Any CPU
	EndGlobalSection
	GlobalSection(SolutionProperties) = preSolution
		HideSolutionNode = FALSE
	EndGlobalSection
	GlobalSection(ExtensibilityGlobals) = postSolution
		SolutionGuid = {D3C7CED8-A28C-4390-BCFB-45715DBD354F}
	EndGlobalSection
EndGlobal
